// !$*UTF8*$!
{
	archiveVersion = 1;
	classes = {
	};
	objectVersion = 46;
	objects = {

/* Begin PBXBuildFile section */
		2804C7671EA627D500913ACE /* OnboardingVC.swift in Sources */ = {isa = PBXBuildFile; fileRef = 2804C7661EA627D500913ACE /* OnboardingVC.swift */; };
		2804C7691EA6443D00913ACE /* Identifiers.swift in Sources */ = {isa = PBXBuildFile; fileRef = 2804C7681EA6443D00913ACE /* Identifiers.swift */; };
		2804C76B1EA6B4F800913ACE /* StoredUserData.swift in Sources */ = {isa = PBXBuildFile; fileRef = 2804C76A1EA6B4F800913ACE /* StoredUserData.swift */; };
		2804C76E1EA7C10B00913ACE /* StoredTitleData.swift in Sources */ = {isa = PBXBuildFile; fileRef = 2804C76D1EA7C10B00913ACE /* StoredTitleData.swift */; };
		2804C7721EAB51DA00913ACE /* File in Resources */ = {isa = PBXBuildFile; fileRef = 2804C7711EAB51DA00913ACE /* File */; };
		2804C7761EAB8F9A00913ACE /* GlobalFuncs.swift in Sources */ = {isa = PBXBuildFile; fileRef = 2804C7751EAB8F9A00913ACE /* GlobalFuncs.swift */; };
		2804CE231E85CE6C000008E8 /* AppDelegate.swift in Sources */ = {isa = PBXBuildFile; fileRef = 2804CE221E85CE6C000008E8 /* AppDelegate.swift */; };
		2804CE281E85CE6C000008E8 /* Main.storyboard in Resources */ = {isa = PBXBuildFile; fileRef = 2804CE261E85CE6C000008E8 /* Main.storyboard */; };
		2804CE2A1E85CE6C000008E8 /* Assets.xcassets in Resources */ = {isa = PBXBuildFile; fileRef = 2804CE291E85CE6C000008E8 /* Assets.xcassets */; };
		2804CE2D1E85CE6C000008E8 /* LaunchScreen.storyboard in Resources */ = {isa = PBXBuildFile; fileRef = 2804CE2B1E85CE6C000008E8 /* LaunchScreen.storyboard */; };
		2804CE381E85CE6C000008E8 /* cofriendTests.swift in Sources */ = {isa = PBXBuildFile; fileRef = 2804CE371E85CE6C000008E8 /* cofriendTests.swift */; };
		2804CE451E8AE5E4000008E8 /* Layout.swift in Sources */ = {isa = PBXBuildFile; fileRef = 2804CE441E8AE5E4000008E8 /* Layout.swift */; };
		2804CE471E8AEABB000008E8 /* PlayerViewController.swift in Sources */ = {isa = PBXBuildFile; fileRef = 2804CE461E8AEABB000008E8 /* PlayerViewController.swift */; };
		2804CE491E8AEC48000008E8 /* FriendsViewController.swift in Sources */ = {isa = PBXBuildFile; fileRef = 2804CE481E8AEC48000008E8 /* FriendsViewController.swift */; };
		2804CE591E9F40C6000008E8 /* Errors.swift in Sources */ = {isa = PBXBuildFile; fileRef = 2804CE581E9F40C5000008E8 /* Errors.swift */; };
		2867D8B21EACDAA300B72CDE /* GradientView.swift in Sources */ = {isa = PBXBuildFile; fileRef = 2867D8B11EACDAA200B72CDE /* GradientView.swift */; };
		2867D8B51EACE40300B72CDE /* TournamentVC.swift in Sources */ = {isa = PBXBuildFile; fileRef = 2867D8B41EACE40300B72CDE /* TournamentVC.swift */; };
		2867D8B91EACED2500B72CDE /* InsideTourVC.swift in Sources */ = {isa = PBXBuildFile; fileRef = 2867D8B81EACED2400B72CDE /* InsideTourVC.swift */; };
		2867D8BB1EACF47500B72CDE /* ScoreInsideTourVC.swift in Sources */ = {isa = PBXBuildFile; fileRef = 2867D8BA1EACF47500B72CDE /* ScoreInsideTourVC.swift */; };
		2867D8BD1EAD006200B72CDE /* StoredTournamentData.swift in Sources */ = {isa = PBXBuildFile; fileRef = 2867D8BC1EAD006200B72CDE /* StoredTournamentData.swift */; };
		2867D8BF1EAD0C3800B72CDE /* InsideTourTableViewCell.swift in Sources */ = {isa = PBXBuildFile; fileRef = 2867D8BE1EAD0C3800B72CDE /* InsideTourTableViewCell.swift */; };
		2867D8C11EAD25EC00B72CDE /* AddTourVC.swift in Sources */ = {isa = PBXBuildFile; fileRef = 2867D8C01EAD25EC00B72CDE /* AddTourVC.swift */; };
		2867D8C51EAD2AB600B72CDE /* TourCell.swift in Sources */ = {isa = PBXBuildFile; fileRef = 2867D8C41EAD2AB600B72CDE /* TourCell.swift */; };
		2867D8C81EAD2C6600B72CDE /* StoredTourData.swift in Sources */ = {isa = PBXBuildFile; fileRef = 2867D8C71EAD2C6600B72CDE /* StoredTourData.swift */; };
		2867D8CA1EAE75C700B72CDE /* AddTourCell.swift in Sources */ = {isa = PBXBuildFile; fileRef = 2867D8C91EAE75C700B72CDE /* AddTourCell.swift */; };
		2867D8CF1EB852BA00B72CDE /* GamesTVC.swift in Sources */ = {isa = PBXBuildFile; fileRef = 2867D8CE1EB852B900B72CDE /* GamesTVC.swift */; };
		2867D8D31EB9093A00B72CDE /* AddGameCell.swift in Sources */ = {isa = PBXBuildFile; fileRef = 2867D8D21EB9093A00B72CDE /* AddGameCell.swift */; };
		2867D8D51EB90BB500B72CDE /* StoredGameTitleData.swift in Sources */ = {isa = PBXBuildFile; fileRef = 2867D8D41EB90BB500B72CDE /* StoredGameTitleData.swift */; };
		2867D8D71EB9154100B72CDE /* AddGameTitleVC.swift in Sources */ = {isa = PBXBuildFile; fileRef = 2867D8D61EB9154100B72CDE /* AddGameTitleVC.swift */; };
		2867D8D91EB91F8E00B72CDE /* AddNewPlayerVC.swift in Sources */ = {isa = PBXBuildFile; fileRef = 2867D8D81EB91F8E00B72CDE /* AddNewPlayerVC.swift */; };
		2867D8DC1EBAF17F00B72CDE /* ScoreInsideCell.swift in Sources */ = {isa = PBXBuildFile; fileRef = 2867D8DB1EBAF17F00B72CDE /* ScoreInsideCell.swift */; };
		2867D8DE1ECA301400B72CDE /* ScoreCollCell.swift in Sources */ = {isa = PBXBuildFile; fileRef = 2867D8DD1ECA301400B72CDE /* ScoreCollCell.swift */; };
		2867D8E01ECD5D5E00B72CDE /* DatePicker.swift in Sources */ = {isa = PBXBuildFile; fileRef = 2867D8DF1ECD5D5D00B72CDE /* DatePicker.swift */; };
		28F034201ECEAFA1000AAFCB /* CustomControls.swift in Sources */ = {isa = PBXBuildFile; fileRef = 28F0341F1ECEAFA1000AAFCB /* CustomControls.swift */; };
		28F034251ED49883000AAFCB /* UserCell.swift in Sources */ = {isa = PBXBuildFile; fileRef = 28F034241ED49882000AAFCB /* UserCell.swift */; };
		28F034271ED6C829000AAFCB /* TableViewCollCell.swift in Sources */ = {isa = PBXBuildFile; fileRef = 28F034261ED6C829000AAFCB /* TableViewCollCell.swift */; };
		28F034291EDCBDC7000AAFCB /* GoogleService-Info.plist in Resources */ = {isa = PBXBuildFile; fileRef = 28F034281EDCBDC6000AAFCB /* GoogleService-Info.plist */; };
		28F0342B1EDDFE1C000AAFCB /* LogInVC.swift in Sources */ = {isa = PBXBuildFile; fileRef = 28F0342A1EDDFE1C000AAFCB /* LogInVC.swift */; };
		28F0342D1EDF6793000AAFCB /* LoadImages.swift in Sources */ = {isa = PBXBuildFile; fileRef = 28F0342C1EDF6793000AAFCB /* LoadImages.swift */; };
		7D69A5B3322085118DCEDF14 /* libPods-cofriend.a in Frameworks */ = {isa = PBXBuildFile; fileRef = 2221154FAC88C8886C110389 /* libPods-cofriend.a */; };
/* End PBXBuildFile section */

/* Begin PBXContainerItemProxy section */
		2804CE341E85CE6C000008E8 /* PBXContainerItemProxy */ = {
			isa = PBXContainerItemProxy;
			containerPortal = 2804CE171E85CE6C000008E8 /* Project object */;
			proxyType = 1;
			remoteGlobalIDString = 2804CE1E1E85CE6C000008E8;
			remoteInfo = cofriend;
		};
/* End PBXContainerItemProxy section */

/* Begin PBXFileReference section */
		2221154FAC88C8886C110389 /* libPods-cofriend.a */ = {isa = PBXFileReference; explicitFileType = archive.ar; includeInIndex = 0; path = "libPods-cofriend.a"; sourceTree = BUILT_PRODUCTS_DIR; };
		2804C7661EA627D500913ACE /* OnboardingVC.swift */ = {isa = PBXFileReference; fileEncoding = 4; lastKnownFileType = sourcecode.swift; path = OnboardingVC.swift; sourceTree = "<group>"; };
		2804C7681EA6443D00913ACE /* Identifiers.swift */ = {isa = PBXFileReference; fileEncoding = 4; lastKnownFileType = sourcecode.swift; path = Identifiers.swift; sourceTree = "<group>"; };
		2804C76A1EA6B4F800913ACE /* StoredUserData.swift */ = {isa = PBXFileReference; fileEncoding = 4; lastKnownFileType = sourcecode.swift; path = StoredUserData.swift; sourceTree = "<group>"; };
		2804C76D1EA7C10B00913ACE /* StoredTitleData.swift */ = {isa = PBXFileReference; fileEncoding = 4; lastKnownFileType = sourcecode.swift; path = StoredTitleData.swift; sourceTree = "<group>"; };
		2804C7711EAB51DA00913ACE /* File */ = {isa = PBXFileReference; fileEncoding = 4; lastKnownFileType = text; path = File; sourceTree = "<group>"; };
		2804C7751EAB8F9A00913ACE /* GlobalFuncs.swift */ = {isa = PBXFileReference; fileEncoding = 4; lastKnownFileType = sourcecode.swift; path = GlobalFuncs.swift; sourceTree = "<group>"; };
		2804CE1F1E85CE6C000008E8 /* cofriend.app */ = {isa = PBXFileReference; explicitFileType = wrapper.application; includeInIndex = 0; path = cofriend.app; sourceTree = BUILT_PRODUCTS_DIR; };
		2804CE221E85CE6C000008E8 /* AppDelegate.swift */ = {isa = PBXFileReference; lastKnownFileType = sourcecode.swift; path = AppDelegate.swift; sourceTree = "<group>"; };
		2804CE271E85CE6C000008E8 /* Base */ = {isa = PBXFileReference; lastKnownFileType = file.storyboard; name = Base; path = Base.lproj/Main.storyboard; sourceTree = "<group>"; };
		2804CE291E85CE6C000008E8 /* Assets.xcassets */ = {isa = PBXFileReference; lastKnownFileType = folder.assetcatalog; path = Assets.xcassets; sourceTree = "<group>"; };
		2804CE2C1E85CE6C000008E8 /* Base */ = {isa = PBXFileReference; lastKnownFileType = file.storyboard; name = Base; path = Base.lproj/LaunchScreen.storyboard; sourceTree = "<group>"; };
		2804CE2E1E85CE6C000008E8 /* Info.plist */ = {isa = PBXFileReference; lastKnownFileType = text.plist.xml; path = Info.plist; sourceTree = "<group>"; };
		2804CE331E85CE6C000008E8 /* cofriendTests.xctest */ = {isa = PBXFileReference; explicitFileType = wrapper.cfbundle; includeInIndex = 0; path = cofriendTests.xctest; sourceTree = BUILT_PRODUCTS_DIR; };
		2804CE371E85CE6C000008E8 /* cofriendTests.swift */ = {isa = PBXFileReference; lastKnownFileType = sourcecode.swift; path = cofriendTests.swift; sourceTree = "<group>"; };
		2804CE391E85CE6C000008E8 /* Info.plist */ = {isa = PBXFileReference; lastKnownFileType = text.plist.xml; path = Info.plist; sourceTree = "<group>"; };
		2804CE441E8AE5E4000008E8 /* Layout.swift */ = {isa = PBXFileReference; fileEncoding = 4; lastKnownFileType = sourcecode.swift; path = Layout.swift; sourceTree = "<group>"; };
		2804CE461E8AEABB000008E8 /* PlayerViewController.swift */ = {isa = PBXFileReference; fileEncoding = 4; lastKnownFileType = sourcecode.swift; path = PlayerViewController.swift; sourceTree = "<group>"; };
		2804CE481E8AEC48000008E8 /* FriendsViewController.swift */ = {isa = PBXFileReference; fileEncoding = 4; lastKnownFileType = sourcecode.swift; path = FriendsViewController.swift; sourceTree = "<group>"; };
		2804CE581E9F40C5000008E8 /* Errors.swift */ = {isa = PBXFileReference; fileEncoding = 4; lastKnownFileType = sourcecode.swift; path = Errors.swift; sourceTree = "<group>"; };
		2867D8B11EACDAA200B72CDE /* GradientView.swift */ = {isa = PBXFileReference; fileEncoding = 4; lastKnownFileType = sourcecode.swift; path = GradientView.swift; sourceTree = "<group>"; };
		2867D8B41EACE40300B72CDE /* TournamentVC.swift */ = {isa = PBXFileReference; fileEncoding = 4; lastKnownFileType = sourcecode.swift; path = TournamentVC.swift; sourceTree = "<group>"; };
		2867D8B81EACED2400B72CDE /* InsideTourVC.swift */ = {isa = PBXFileReference; fileEncoding = 4; lastKnownFileType = sourcecode.swift; path = InsideTourVC.swift; sourceTree = "<group>"; };
		2867D8BA1EACF47500B72CDE /* ScoreInsideTourVC.swift */ = {isa = PBXFileReference; fileEncoding = 4; lastKnownFileType = sourcecode.swift; path = ScoreInsideTourVC.swift; sourceTree = "<group>"; };
		2867D8BC1EAD006200B72CDE /* StoredTournamentData.swift */ = {isa = PBXFileReference; fileEncoding = 4; lastKnownFileType = sourcecode.swift; path = StoredTournamentData.swift; sourceTree = "<group>"; };
		2867D8BE1EAD0C3800B72CDE /* InsideTourTableViewCell.swift */ = {isa = PBXFileReference; fileEncoding = 4; lastKnownFileType = sourcecode.swift; path = InsideTourTableViewCell.swift; sourceTree = "<group>"; };
		2867D8C01EAD25EC00B72CDE /* AddTourVC.swift */ = {isa = PBXFileReference; fileEncoding = 4; lastKnownFileType = sourcecode.swift; path = AddTourVC.swift; sourceTree = "<group>"; };
		2867D8C41EAD2AB600B72CDE /* TourCell.swift */ = {isa = PBXFileReference; fileEncoding = 4; lastKnownFileType = sourcecode.swift; path = TourCell.swift; sourceTree = "<group>"; };
		2867D8C71EAD2C6600B72CDE /* StoredTourData.swift */ = {isa = PBXFileReference; fileEncoding = 4; lastKnownFileType = sourcecode.swift; path = StoredTourData.swift; sourceTree = "<group>"; };
		2867D8C91EAE75C700B72CDE /* AddTourCell.swift */ = {isa = PBXFileReference; fileEncoding = 4; lastKnownFileType = sourcecode.swift; path = AddTourCell.swift; sourceTree = "<group>"; };
		2867D8CE1EB852B900B72CDE /* GamesTVC.swift */ = {isa = PBXFileReference; fileEncoding = 4; lastKnownFileType = sourcecode.swift; path = GamesTVC.swift; sourceTree = "<group>"; };
		2867D8D21EB9093A00B72CDE /* AddGameCell.swift */ = {isa = PBXFileReference; fileEncoding = 4; lastKnownFileType = sourcecode.swift; path = AddGameCell.swift; sourceTree = "<group>"; };
		2867D8D41EB90BB500B72CDE /* StoredGameTitleData.swift */ = {isa = PBXFileReference; fileEncoding = 4; lastKnownFileType = sourcecode.swift; path = StoredGameTitleData.swift; sourceTree = "<group>"; };
		2867D8D61EB9154100B72CDE /* AddGameTitleVC.swift */ = {isa = PBXFileReference; fileEncoding = 4; lastKnownFileType = sourcecode.swift; path = AddGameTitleVC.swift; sourceTree = "<group>"; };
		2867D8D81EB91F8E00B72CDE /* AddNewPlayerVC.swift */ = {isa = PBXFileReference; fileEncoding = 4; lastKnownFileType = sourcecode.swift; path = AddNewPlayerVC.swift; sourceTree = "<group>"; };
		2867D8DB1EBAF17F00B72CDE /* ScoreInsideCell.swift */ = {isa = PBXFileReference; fileEncoding = 4; lastKnownFileType = sourcecode.swift; path = ScoreInsideCell.swift; sourceTree = "<group>"; };
		2867D8DD1ECA301400B72CDE /* ScoreCollCell.swift */ = {isa = PBXFileReference; fileEncoding = 4; lastKnownFileType = sourcecode.swift; path = ScoreCollCell.swift; sourceTree = "<group>"; };
		2867D8DF1ECD5D5D00B72CDE /* DatePicker.swift */ = {isa = PBXFileReference; fileEncoding = 4; lastKnownFileType = sourcecode.swift; path = DatePicker.swift; sourceTree = "<group>"; };
		28F0341F1ECEAFA1000AAFCB /* CustomControls.swift */ = {isa = PBXFileReference; fileEncoding = 4; lastKnownFileType = sourcecode.swift; path = CustomControls.swift; sourceTree = "<group>"; };
		28F034241ED49882000AAFCB /* UserCell.swift */ = {isa = PBXFileReference; fileEncoding = 4; lastKnownFileType = sourcecode.swift; path = UserCell.swift; sourceTree = "<group>"; };
		28F034261ED6C829000AAFCB /* TableViewCollCell.swift */ = {isa = PBXFileReference; fileEncoding = 4; lastKnownFileType = sourcecode.swift; path = TableViewCollCell.swift; sourceTree = "<group>"; };
		28F034281EDCBDC6000AAFCB /* GoogleService-Info.plist */ = {isa = PBXFileReference; fileEncoding = 4; lastKnownFileType = text.plist.xml; path = "GoogleService-Info.plist"; sourceTree = "<group>"; };
		28F0342A1EDDFE1C000AAFCB /* LogInVC.swift */ = {isa = PBXFileReference; fileEncoding = 4; lastKnownFileType = sourcecode.swift; path = LogInVC.swift; sourceTree = "<group>"; };
		28F0342C1EDF6793000AAFCB /* LoadImages.swift */ = {isa = PBXFileReference; fileEncoding = 4; lastKnownFileType = sourcecode.swift; path = LoadImages.swift; sourceTree = "<group>"; };
		414285CB8C9100E1C91C2823 /* Pods-cofriend.debug.xcconfig */ = {isa = PBXFileReference; includeInIndex = 1; lastKnownFileType = text.xcconfig; name = "Pods-cofriend.debug.xcconfig"; path = "Pods/Target Support Files/Pods-cofriend/Pods-cofriend.debug.xcconfig"; sourceTree = "<group>"; };
		F7DBD34477F4DFCB607551C5 /* Pods-cofriend.release.xcconfig */ = {isa = PBXFileReference; includeInIndex = 1; lastKnownFileType = text.xcconfig; name = "Pods-cofriend.release.xcconfig"; path = "Pods/Target Support Files/Pods-cofriend/Pods-cofriend.release.xcconfig"; sourceTree = "<group>"; };
/* End PBXFileReference section */

/* Begin PBXFrameworksBuildPhase section */
		2804CE1C1E85CE6C000008E8 /* Frameworks */ = {
			isa = PBXFrameworksBuildPhase;
			buildActionMask = 2147483647;
			files = (
				7D69A5B3322085118DCEDF14 /* libPods-cofriend.a in Frameworks */,
			);
			runOnlyForDeploymentPostprocessing = 0;
		};
		2804CE301E85CE6C000008E8 /* Frameworks */ = {
			isa = PBXFrameworksBuildPhase;
			buildActionMask = 2147483647;
			files = (
			);
			runOnlyForDeploymentPostprocessing = 0;
		};
/* End PBXFrameworksBuildPhase section */

/* Begin PBXGroup section */
		2804C7651EA627BA00913ACE /* Onboarding */ = {
			isa = PBXGroup;
			children = (
				2804C7661EA627D500913ACE /* OnboardingVC.swift */,
			);
			name = Onboarding;
			sourceTree = "<group>";
		};
		2804C76C1EA7C0B100913ACE /* StoredData */ = {
			isa = PBXGroup;
			children = (
				28F034281EDCBDC6000AAFCB /* GoogleService-Info.plist */,
				2804C76A1EA6B4F800913ACE /* StoredUserData.swift */,
				2867D8BC1EAD006200B72CDE /* StoredTournamentData.swift */,
				2867D8C71EAD2C6600B72CDE /* StoredTourData.swift */,
				2804C76D1EA7C10B00913ACE /* StoredTitleData.swift */,
				2867D8D41EB90BB500B72CDE /* StoredGameTitleData.swift */,
			);
			name = StoredData;
			sourceTree = "<group>";
		};
		2804CE161E85CE6C000008E8 = {
			isa = PBXGroup;
			children = (
				2804CE211E85CE6C000008E8 /* cofriend */,
				2804CE361E85CE6C000008E8 /* cofriendTests */,
				2804CE201E85CE6C000008E8 /* Products */,
				EA76C744C6500AE6A15B65CD /* Pods */,
				6DBFF2059D9A78E2E8ACC393 /* Frameworks */,
			);
			sourceTree = "<group>";
		};
		2804CE201E85CE6C000008E8 /* Products */ = {
			isa = PBXGroup;
			children = (
				2804CE1F1E85CE6C000008E8 /* cofriend.app */,
				2804CE331E85CE6C000008E8 /* cofriendTests.xctest */,
			);
			name = Products;
			sourceTree = "<group>";
		};
		2804CE211E85CE6C000008E8 /* cofriend */ = {
			isa = PBXGroup;
			children = (
				2804CE501E8AF290000008E8 /* User */,
				2804CE511E8AF296000008E8 /* Friends */,
				2804C7651EA627BA00913ACE /* Onboarding */,
				2867D8B31EACE3E400B72CDE /* ScoreTournament */,
				2804CE5A1E9F40DE000008E8 /* Main */,
				2804C76C1EA7C0B100913ACE /* StoredData */,
				2804CE261E85CE6C000008E8 /* Main.storyboard */,
				2804CE291E85CE6C000008E8 /* Assets.xcassets */,
				2804CE2B1E85CE6C000008E8 /* LaunchScreen.storyboard */,
				2804CE2E1E85CE6C000008E8 /* Info.plist */,
				28F034211ECEAFAC000AAFCB /* CustomControls */,
			);
			path = cofriend;
			sourceTree = "<group>";
		};
		2804CE361E85CE6C000008E8 /* cofriendTests */ = {
			isa = PBXGroup;
			children = (
				2804CE371E85CE6C000008E8 /* cofriendTests.swift */,
				2804CE391E85CE6C000008E8 /* Info.plist */,
			);
			path = cofriendTests;
			sourceTree = "<group>";
		};
		2804CE501E8AF290000008E8 /* User */ = {
			isa = PBXGroup;
			children = (
				2804CE461E8AEABB000008E8 /* PlayerViewController.swift */,
				28F0342A1EDDFE1C000AAFCB /* LogInVC.swift */,
			);
			name = User;
			sourceTree = "<group>";
		};
		2804CE511E8AF296000008E8 /* Friends */ = {
			isa = PBXGroup;
			children = (
				2804CE481E8AEC48000008E8 /* FriendsViewController.swift */,
				28F0342C1EDF6793000AAFCB /* LoadImages.swift */,
				28F034241ED49882000AAFCB /* UserCell.swift */,
				2867D8D81EB91F8E00B72CDE /* AddNewPlayerVC.swift */,
			);
			name = Friends;
			sourceTree = "<group>";
		};
		2804CE5A1E9F40DE000008E8 /* Main */ = {
			isa = PBXGroup;
			children = (
				2804C7711EAB51DA00913ACE /* File */,
				2867D8B11EACDAA200B72CDE /* GradientView.swift */,
				2804CE221E85CE6C000008E8 /* AppDelegate.swift */,
				2804C7751EAB8F9A00913ACE /* GlobalFuncs.swift */,
				2804CE441E8AE5E4000008E8 /* Layout.swift */,
				2804C7681EA6443D00913ACE /* Identifiers.swift */,
				2804CE581E9F40C5000008E8 /* Errors.swift */,
			);
			name = Main;
			sourceTree = "<group>";
		};
		2867D8B31EACE3E400B72CDE /* ScoreTournament */ = {
			isa = PBXGroup;
			children = (
				2867D8CD1EB8528E00B72CDE /* Games */,
				2867D8C61EAD2AE800B72CDE /* Main */,
				2867D8C31EAD2A8300B72CDE /* Inside */,
			);
			name = ScoreTournament;
			sourceTree = "<group>";
		};
		2867D8C21EAD2A7800B72CDE /* Add */ = {
			isa = PBXGroup;
			children = (
				2867D8C01EAD25EC00B72CDE /* AddTourVC.swift */,
				2867D8C91EAE75C700B72CDE /* AddTourCell.swift */,
			);
			name = Add;
			sourceTree = "<group>";
		};
		2867D8C31EAD2A8300B72CDE /* Inside */ = {
			isa = PBXGroup;
			children = (
				2867D8B81EACED2400B72CDE /* InsideTourVC.swift */,
				2867D8BE1EAD0C3800B72CDE /* InsideTourTableViewCell.swift */,
				2867D8DA1EBA8A0100B72CDE /* Add */,
			);
			name = Inside;
			sourceTree = "<group>";
		};
		2867D8C61EAD2AE800B72CDE /* Main */ = {
			isa = PBXGroup;
			children = (
				2867D8B41EACE40300B72CDE /* TournamentVC.swift */,
				2867D8C41EAD2AB600B72CDE /* TourCell.swift */,
				2867D8C21EAD2A7800B72CDE /* Add */,
			);
			name = Main;
			sourceTree = "<group>";
		};
		2867D8CD1EB8528E00B72CDE /* Games */ = {
			isa = PBXGroup;
			children = (
				2867D8CE1EB852B900B72CDE /* GamesTVC.swift */,
				2867D8D21EB9093A00B72CDE /* AddGameCell.swift */,
				2867D8D01EB8530500B72CDE /* Add */,
			);
			name = Games;
			sourceTree = "<group>";
		};
		2867D8D01EB8530500B72CDE /* Add */ = {
			isa = PBXGroup;
			children = (
				2867D8D61EB9154100B72CDE /* AddGameTitleVC.swift */,
			);
			name = Add;
			sourceTree = "<group>";
		};
		2867D8DA1EBA8A0100B72CDE /* Add */ = {
			isa = PBXGroup;
			children = (
				2867D8BA1EACF47500B72CDE /* ScoreInsideTourVC.swift */,
				28F034261ED6C829000AAFCB /* TableViewCollCell.swift */,
				2867D8DF1ECD5D5D00B72CDE /* DatePicker.swift */,
				2867D8DB1EBAF17F00B72CDE /* ScoreInsideCell.swift */,
				2867D8DD1ECA301400B72CDE /* ScoreCollCell.swift */,
			);
			name = Add;
			sourceTree = "<group>";
		};
		28F034211ECEAFAC000AAFCB /* CustomControls */ = {
			isa = PBXGroup;
			children = (
				28F0341F1ECEAFA1000AAFCB /* CustomControls.swift */,
			);
			name = CustomControls;
			sourceTree = "<group>";
		};
		6DBFF2059D9A78E2E8ACC393 /* Frameworks */ = {
			isa = PBXGroup;
			children = (
				2221154FAC88C8886C110389 /* libPods-cofriend.a */,
			);
			name = Frameworks;
			sourceTree = "<group>";
		};
		EA76C744C6500AE6A15B65CD /* Pods */ = {
			isa = PBXGroup;
			children = (
				414285CB8C9100E1C91C2823 /* Pods-cofriend.debug.xcconfig */,
				F7DBD34477F4DFCB607551C5 /* Pods-cofriend.release.xcconfig */,
			);
			name = Pods;
			sourceTree = "<group>";
		};
/* End PBXGroup section */

/* Begin PBXNativeTarget section */
		2804CE1E1E85CE6C000008E8 /* cofriend */ = {
			isa = PBXNativeTarget;
			buildConfigurationList = 2804CE3C1E85CE6C000008E8 /* Build configuration list for PBXNativeTarget "cofriend" */;
			buildPhases = (
				0EA294C78B190075DD5EFD05 /* [CP] Check Pods Manifest.lock */,
				2804CE1B1E85CE6C000008E8 /* Sources */,
				2804CE1C1E85CE6C000008E8 /* Frameworks */,
				2804CE1D1E85CE6C000008E8 /* Resources */,
				ADE7D272DDC7DD243D23156B /* [CP] Embed Pods Frameworks */,
				D2484985220EDEB062335515 /* [CP] Copy Pods Resources */,
			);
			buildRules = (
			);
			dependencies = (
			);
			name = cofriend;
			productName = cofriend;
			productReference = 2804CE1F1E85CE6C000008E8 /* cofriend.app */;
			productType = "com.apple.product-type.application";
		};
		2804CE321E85CE6C000008E8 /* cofriendTests */ = {
			isa = PBXNativeTarget;
			buildConfigurationList = 2804CE3F1E85CE6C000008E8 /* Build configuration list for PBXNativeTarget "cofriendTests" */;
			buildPhases = (
				2804CE2F1E85CE6C000008E8 /* Sources */,
				2804CE301E85CE6C000008E8 /* Frameworks */,
				2804CE311E85CE6C000008E8 /* Resources */,
			);
			buildRules = (
			);
			dependencies = (
				2804CE351E85CE6C000008E8 /* PBXTargetDependency */,
			);
			name = cofriendTests;
			productName = cofriendTests;
			productReference = 2804CE331E85CE6C000008E8 /* cofriendTests.xctest */;
			productType = "com.apple.product-type.bundle.unit-test";
		};
/* End PBXNativeTarget section */

/* Begin PBXProject section */
		2804CE171E85CE6C000008E8 /* Project object */ = {
			isa = PBXProject;
			attributes = {
				LastSwiftUpdateCheck = 0820;
				LastUpgradeCheck = 0820;
				ORGANIZATIONNAME = "Markus Flodmark";
				TargetAttributes = {
					2804CE1E1E85CE6C000008E8 = {
						CreatedOnToolsVersion = 8.2.1;
						DevelopmentTeam = 3W6ZL6R93D;
						ProvisioningStyle = Automatic;
					};
					2804CE321E85CE6C000008E8 = {
						CreatedOnToolsVersion = 8.2.1;
						DevelopmentTeam = 3W6ZL6R93D;
						ProvisioningStyle = Automatic;
						TestTargetID = 2804CE1E1E85CE6C000008E8;
					};
				};
			};
			buildConfigurationList = 2804CE1A1E85CE6C000008E8 /* Build configuration list for PBXProject "cofriend" */;
			compatibilityVersion = "Xcode 3.2";
			developmentRegion = English;
			hasScannedForEncodings = 0;
			knownRegions = (
				en,
				Base,
			);
			mainGroup = 2804CE161E85CE6C000008E8;
			productRefGroup = 2804CE201E85CE6C000008E8 /* Products */;
			projectDirPath = "";
			projectRoot = "";
			targets = (
				2804CE1E1E85CE6C000008E8 /* cofriend */,
				2804CE321E85CE6C000008E8 /* cofriendTests */,
			);
		};
/* End PBXProject section */

/* Begin PBXResourcesBuildPhase section */
		2804CE1D1E85CE6C000008E8 /* Resources */ = {
			isa = PBXResourcesBuildPhase;
			buildActionMask = 2147483647;
			files = (
				2804C7721EAB51DA00913ACE /* File in Resources */,
				2804CE2D1E85CE6C000008E8 /* LaunchScreen.storyboard in Resources */,
				28F034291EDCBDC7000AAFCB /* GoogleService-Info.plist in Resources */,
				2804CE2A1E85CE6C000008E8 /* Assets.xcassets in Resources */,
				2804CE281E85CE6C000008E8 /* Main.storyboard in Resources */,
			);
			runOnlyForDeploymentPostprocessing = 0;
		};
		2804CE311E85CE6C000008E8 /* Resources */ = {
			isa = PBXResourcesBuildPhase;
			buildActionMask = 2147483647;
			files = (
			);
			runOnlyForDeploymentPostprocessing = 0;
		};
/* End PBXResourcesBuildPhase section */

/* Begin PBXShellScriptBuildPhase section */
		0EA294C78B190075DD5EFD05 /* [CP] Check Pods Manifest.lock */ = {
			isa = PBXShellScriptBuildPhase;
			buildActionMask = 2147483647;
			files = (
			);
			inputPaths = (
			);
			name = "[CP] Check Pods Manifest.lock";
			outputPaths = (
			);
			runOnlyForDeploymentPostprocessing = 0;
			shellPath = /bin/sh;
			shellScript = "diff \"${PODS_PODFILE_DIR_PATH}/Podfile.lock\" \"${PODS_ROOT}/Manifest.lock\" > /dev/null\nif [ $? != 0 ] ; then\n    # print error to STDERR\n    echo \"error: The sandbox is not in sync with the Podfile.lock. Run 'pod install' or update your CocoaPods installation.\" >&2\n    exit 1\nfi\n";
			showEnvVarsInLog = 0;
		};
		ADE7D272DDC7DD243D23156B /* [CP] Embed Pods Frameworks */ = {
			isa = PBXShellScriptBuildPhase;
			buildActionMask = 2147483647;
			files = (
			);
			inputPaths = (
			);
			name = "[CP] Embed Pods Frameworks";
			outputPaths = (
			);
			runOnlyForDeploymentPostprocessing = 0;
			shellPath = /bin/sh;
			shellScript = "\"${SRCROOT}/Pods/Target Support Files/Pods-cofriend/Pods-cofriend-frameworks.sh\"\n";
			showEnvVarsInLog = 0;
		};
		D2484985220EDEB062335515 /* [CP] Copy Pods Resources */ = {
			isa = PBXShellScriptBuildPhase;
			buildActionMask = 2147483647;
			files = (
			);
			inputPaths = (
			);
			name = "[CP] Copy Pods Resources";
			outputPaths = (
			);
			runOnlyForDeploymentPostprocessing = 0;
			shellPath = /bin/sh;
			shellScript = "\"${SRCROOT}/Pods/Target Support Files/Pods-cofriend/Pods-cofriend-resources.sh\"\n";
			showEnvVarsInLog = 0;
		};
/* End PBXShellScriptBuildPhase section */

/* Begin PBXSourcesBuildPhase section */
		2804CE1B1E85CE6C000008E8 /* Sources */ = {
			isa = PBXSourcesBuildPhase;
			buildActionMask = 2147483647;
			files = (
				2804CE451E8AE5E4000008E8 /* Layout.swift in Sources */,
				2804C7761EAB8F9A00913ACE /* GlobalFuncs.swift in Sources */,
				2867D8C81EAD2C6600B72CDE /* StoredTourData.swift in Sources */,
				2867D8B91EACED2500B72CDE /* InsideTourVC.swift in Sources */,
				2867D8D91EB91F8E00B72CDE /* AddNewPlayerVC.swift in Sources */,
				2804C76E1EA7C10B00913ACE /* StoredTitleData.swift in Sources */,
				2867D8BD1EAD006200B72CDE /* StoredTournamentData.swift in Sources */,
				2867D8C51EAD2AB600B72CDE /* TourCell.swift in Sources */,
				2867D8D51EB90BB500B72CDE /* StoredGameTitleData.swift in Sources */,
				28F0342D1EDF6793000AAFCB /* LoadImages.swift in Sources */,
				2867D8BF1EAD0C3800B72CDE /* InsideTourTableViewCell.swift in Sources */,
				2867D8D71EB9154100B72CDE /* AddGameTitleVC.swift in Sources */,
				2867D8CF1EB852BA00B72CDE /* GamesTVC.swift in Sources */,
				2867D8DC1EBAF17F00B72CDE /* ScoreInsideCell.swift in Sources */,
				28F034201ECEAFA1000AAFCB /* CustomControls.swift in Sources */,
				2867D8DE1ECA301400B72CDE /* ScoreCollCell.swift in Sources */,
				28F034251ED49883000AAFCB /* UserCell.swift in Sources */,
				2867D8C11EAD25EC00B72CDE /* AddTourVC.swift in Sources */,
				2804CE591E9F40C6000008E8 /* Errors.swift in Sources */,
				2867D8B21EACDAA300B72CDE /* GradientView.swift in Sources */,
				2804CE231E85CE6C000008E8 /* AppDelegate.swift in Sources */,
				2867D8BB1EACF47500B72CDE /* ScoreInsideTourVC.swift in Sources */,
				2804C76B1EA6B4F800913ACE /* StoredUserData.swift in Sources */,
				2804CE491E8AEC48000008E8 /* FriendsViewController.swift in Sources */,
				28F034271ED6C829000AAFCB /* TableViewCollCell.swift in Sources */,
				2804CE471E8AEABB000008E8 /* PlayerViewController.swift in Sources */,
				2804C7691EA6443D00913ACE /* Identifiers.swift in Sources */,
				28F0342B1EDDFE1C000AAFCB /* LogInVC.swift in Sources */,
				2804C7671EA627D500913ACE /* OnboardingVC.swift in Sources */,
				2867D8B51EACE40300B72CDE /* TournamentVC.swift in Sources */,
				2867D8CA1EAE75C700B72CDE /* AddTourCell.swift in Sources */,
				2867D8D31EB9093A00B72CDE /* AddGameCell.swift in Sources */,
				2867D8E01ECD5D5E00B72CDE /* DatePicker.swift in Sources */,
			);
			runOnlyForDeploymentPostprocessing = 0;
		};
		2804CE2F1E85CE6C000008E8 /* Sources */ = {
			isa = PBXSourcesBuildPhase;
			buildActionMask = 2147483647;
			files = (
				2804CE381E85CE6C000008E8 /* cofriendTests.swift in Sources */,
			);
			runOnlyForDeploymentPostprocessing = 0;
		};
/* End PBXSourcesBuildPhase section */

/* Begin PBXTargetDependency section */
		2804CE351E85CE6C000008E8 /* PBXTargetDependency */ = {
			isa = PBXTargetDependency;
			target = 2804CE1E1E85CE6C000008E8 /* cofriend */;
			targetProxy = 2804CE341E85CE6C000008E8 /* PBXContainerItemProxy */;
		};
/* End PBXTargetDependency section */

/* Begin PBXVariantGroup section */
		2804CE261E85CE6C000008E8 /* Main.storyboard */ = {
			isa = PBXVariantGroup;
			children = (
				2804CE271E85CE6C000008E8 /* Base */,
			);
			name = Main.storyboard;
			sourceTree = "<group>";
		};
		2804CE2B1E85CE6C000008E8 /* LaunchScreen.storyboard */ = {
			isa = PBXVariantGroup;
			children = (
				2804CE2C1E85CE6C000008E8 /* Base */,
			);
			name = LaunchScreen.storyboard;
			sourceTree = "<group>";
		};
/* End PBXVariantGroup section */

/* Begin XCBuildConfiguration section */
		2804CE3A1E85CE6C000008E8 /* Debug */ = {
			isa = XCBuildConfiguration;
			buildSettings = {
				ALWAYS_SEARCH_USER_PATHS = NO;
				CLANG_ANALYZER_NONNULL = YES;
				CLANG_CXX_LANGUAGE_STANDARD = "gnu++0x";
				CLANG_CXX_LIBRARY = "libc++";
				CLANG_ENABLE_MODULES = YES;
				CLANG_ENABLE_OBJC_ARC = YES;
				CLANG_WARN_BOOL_CONVERSION = YES;
				CLANG_WARN_CONSTANT_CONVERSION = YES;
				CLANG_WARN_DIRECT_OBJC_ISA_USAGE = YES_ERROR;
				CLANG_WARN_DOCUMENTATION_COMMENTS = YES;
				CLANG_WARN_EMPTY_BODY = YES;
				CLANG_WARN_ENUM_CONVERSION = YES;
				CLANG_WARN_INFINITE_RECURSION = YES;
				CLANG_WARN_INT_CONVERSION = YES;
				CLANG_WARN_OBJC_ROOT_CLASS = YES_ERROR;
				CLANG_WARN_SUSPICIOUS_MOVE = YES;
				CLANG_WARN_UNREACHABLE_CODE = YES;
				CLANG_WARN__DUPLICATE_METHOD_MATCH = YES;
				"CODE_SIGN_IDENTITY[sdk=iphoneos*]" = "iPhone Developer";
				COPY_PHASE_STRIP = NO;
				DEBUG_INFORMATION_FORMAT = dwarf;
				ENABLE_STRICT_OBJC_MSGSEND = YES;
				ENABLE_TESTABILITY = YES;
				GCC_C_LANGUAGE_STANDARD = gnu99;
				GCC_DYNAMIC_NO_PIC = NO;
				GCC_NO_COMMON_BLOCKS = YES;
				GCC_OPTIMIZATION_LEVEL = 0;
				GCC_PREPROCESSOR_DEFINITIONS = (
					"DEBUG=1",
					"$(inherited)",
				);
				GCC_WARN_64_TO_32_BIT_CONVERSION = YES;
				GCC_WARN_ABOUT_RETURN_TYPE = YES_ERROR;
				GCC_WARN_UNDECLARED_SELECTOR = YES;
				GCC_WARN_UNINITIALIZED_AUTOS = YES_AGGRESSIVE;
				GCC_WARN_UNUSED_FUNCTION = YES;
				GCC_WARN_UNUSED_VARIABLE = YES;
				IPHONEOS_DEPLOYMENT_TARGET = 10.2;
				MTL_ENABLE_DEBUG_INFO = YES;
				ONLY_ACTIVE_ARCH = YES;
				SDKROOT = iphoneos;
				SWIFT_ACTIVE_COMPILATION_CONDITIONS = DEBUG;
				SWIFT_OPTIMIZATION_LEVEL = "-Onone";
				TARGETED_DEVICE_FAMILY = "1,2";
			};
			name = Debug;
		};
		2804CE3B1E85CE6C000008E8 /* Release */ = {
			isa = XCBuildConfiguration;
			buildSettings = {
				ALWAYS_SEARCH_USER_PATHS = NO;
				CLANG_ANALYZER_NONNULL = YES;
				CLANG_CXX_LANGUAGE_STANDARD = "gnu++0x";
				CLANG_CXX_LIBRARY = "libc++";
				CLANG_ENABLE_MODULES = YES;
				CLANG_ENABLE_OBJC_ARC = YES;
				CLANG_WARN_BOOL_CONVERSION = YES;
				CLANG_WARN_CONSTANT_CONVERSION = YES;
				CLANG_WARN_DIRECT_OBJC_ISA_USAGE = YES_ERROR;
				CLANG_WARN_DOCUMENTATION_COMMENTS = YES;
				CLANG_WARN_EMPTY_BODY = YES;
				CLANG_WARN_ENUM_CONVERSION = YES;
				CLANG_WARN_INFINITE_RECURSION = YES;
				CLANG_WARN_INT_CONVERSION = YES;
				CLANG_WARN_OBJC_ROOT_CLASS = YES_ERROR;
				CLANG_WARN_SUSPICIOUS_MOVE = YES;
				CLANG_WARN_UNREACHABLE_CODE = YES;
				CLANG_WARN__DUPLICATE_METHOD_MATCH = YES;
				"CODE_SIGN_IDENTITY[sdk=iphoneos*]" = "iPhone Developer";
				COPY_PHASE_STRIP = NO;
				DEBUG_INFORMATION_FORMAT = "dwarf-with-dsym";
				ENABLE_NS_ASSERTIONS = NO;
				ENABLE_STRICT_OBJC_MSGSEND = YES;
				GCC_C_LANGUAGE_STANDARD = gnu99;
				GCC_NO_COMMON_BLOCKS = YES;
				GCC_WARN_64_TO_32_BIT_CONVERSION = YES;
				GCC_WARN_ABOUT_RETURN_TYPE = YES_ERROR;
				GCC_WARN_UNDECLARED_SELECTOR = YES;
				GCC_WARN_UNINITIALIZED_AUTOS = YES_AGGRESSIVE;
				GCC_WARN_UNUSED_FUNCTION = YES;
				GCC_WARN_UNUSED_VARIABLE = YES;
				IPHONEOS_DEPLOYMENT_TARGET = 10.2;
				MTL_ENABLE_DEBUG_INFO = NO;
				SDKROOT = iphoneos;
				SWIFT_OPTIMIZATION_LEVEL = "-Owholemodule";
				TARGETED_DEVICE_FAMILY = "1,2";
				VALIDATE_PRODUCT = YES;
			};
			name = Release;
		};
		2804CE3D1E85CE6C000008E8 /* Debug */ = {
			isa = XCBuildConfiguration;
			baseConfigurationReference = 414285CB8C9100E1C91C2823 /* Pods-cofriend.debug.xcconfig */;
			buildSettings = {
				ASSETCATALOG_COMPILER_APPICON_NAME = AppIcon;
				DEVELOPMENT_TEAM = 3W6ZL6R93D;
				INFOPLIST_FILE = cofriend/Info.plist;
				LD_RUNPATH_SEARCH_PATHS = "$(inherited) @executable_path/Frameworks";
				PRODUCT_BUNDLE_IDENTIFIER = com.example..cofriend;
				PRODUCT_NAME = "$(TARGET_NAME)";
				SWIFT_VERSION = 3.0;
			};
			name = Debug;
		};
		2804CE3E1E85CE6C000008E8 /* Release */ = {
			isa = XCBuildConfiguration;
			baseConfigurationReference = F7DBD34477F4DFCB607551C5 /* Pods-cofriend.release.xcconfig */;
			buildSettings = {
				ASSETCATALOG_COMPILER_APPICON_NAME = AppIcon;
				DEVELOPMENT_TEAM = 3W6ZL6R93D;
				INFOPLIST_FILE = cofriend/Info.plist;
				LD_RUNPATH_SEARCH_PATHS = "$(inherited) @executable_path/Frameworks";
				PRODUCT_BUNDLE_IDENTIFIER = com.example..cofriend;
				PRODUCT_NAME = "$(TARGET_NAME)";
				SWIFT_VERSION = 3.0;
			};
			name = Release;
		};
		2804CE401E85CE6C000008E8 /* Debug */ = {
			isa = XCBuildConfiguration;
			buildSettings = {
				ALWAYS_EMBED_SWIFT_STANDARD_LIBRARIES = YES;
				BUNDLE_LOADER = "$(TEST_HOST)";
				DEVELOPMENT_TEAM = 3W6ZL6R93D;
				INFOPLIST_FILE = cofriendTests/Info.plist;
				LD_RUNPATH_SEARCH_PATHS = "$(inherited) @executable_path/Frameworks @loader_path/Frameworks";
				PRODUCT_BUNDLE_IDENTIFIER = com.example..cofriendTests;
				PRODUCT_NAME = "$(TARGET_NAME)";
				SWIFT_VERSION = 3.0;
				TEST_HOST = "$(BUILT_PRODUCTS_DIR)/cofriend.app/cofriend";
			};
			name = Debug;
		};
		2804CE411E85CE6C000008E8 /* Release */ = {
			isa = XCBuildConfiguration;
			buildSettings = {
				ALWAYS_EMBED_SWIFT_STANDARD_LIBRARIES = YES;
				BUNDLE_LOADER = "$(TEST_HOST)";
				DEVELOPMENT_TEAM = 3W6ZL6R93D;
				INFOPLIST_FILE = cofriendTests/Info.plist;
				LD_RUNPATH_SEARCH_PATHS = "$(inherited) @executable_path/Frameworks @loader_path/Frameworks";
				PRODUCT_BUNDLE_IDENTIFIER = com.example..cofriendTests;
				PRODUCT_NAME = "$(TARGET_NAME)";
				SWIFT_VERSION = 3.0;
				TEST_HOST = "$(BUILT_PRODUCTS_DIR)/cofriend.app/cofriend";
			};
			name = Release;
		};
/* End XCBuildConfiguration section */

/* Begin XCConfigurationList section */
		2804CE1A1E85CE6C000008E8 /* Build configuration list for PBXProject "cofriend" */ = {
			isa = XCConfigurationList;
			buildConfigurations = (
				2804CE3A1E85CE6C000008E8 /* Debug */,
				2804CE3B1E85CE6C000008E8 /* Release */,
			);
			defaultConfigurationIsVisible = 0;
			defaultConfigurationName = Release;
		};
		2804CE3C1E85CE6C000008E8 /* Build configuration list for PBXNativeTarget "cofriend" */ = {
			isa = XCConfigurationList;
			buildConfigurations = (
				2804CE3D1E85CE6C000008E8 /* Debug */,
				2804CE3E1E85CE6C000008E8 /* Release */,
			);
			defaultConfigurationIsVisible = 0;
			defaultConfigurationName = Release;
		};
		2804CE3F1E85CE6C000008E8 /* Build configuration list for PBXNativeTarget "cofriendTests" */ = {
			isa = XCConfigurationList;
			buildConfigurations = (
				2804CE401E85CE6C000008E8 /* Debug */,
				2804CE411E85CE6C000008E8 /* Release */,
			);
			defaultConfigurationIsVisible = 0;
			defaultConfigurationName = Release;
		};
/* End XCConfigurationList section */
	};
	rootObject = 2804CE171E85CE6C000008E8 /* Project object */;
}
